<?xml version="1.0" encoding="utf-8"?>
<Project ToolsVersion="4.0" xmlns="http://schemas.microsoft.com/developer/msbuild/2003">
  <ItemGroup>
    <ClCompile Include="..\wdl-ol\WDL\IPlug\IPlugVST.cpp">
      <Filter>vst2</Filter>
    </ClCompile>
    <ClCompile Include="src\dsp\DspFilters\Bessel.cpp">
      <Filter>DSPFilters</Filter>
    </ClCompile>
    <ClCompile Include="src\dsp\DspFilters\Biquad.cpp">
      <Filter>DSPFilters</Filter>
    </ClCompile>
    <ClCompile Include="src\dsp\DspFilters\Butterworth.cpp">
      <Filter>DSPFilters</Filter>
    </ClCompile>
    <ClCompile Include="src\dsp\DspFilters\Cascade.cpp">
      <Filter>DSPFilters</Filter>
    </ClCompile>
    <ClCompile Include="src\dsp\DspFilters\ChebyshevI.cpp">
      <Filter>DSPFilters</Filter>
    </ClCompile>
    <ClCompile Include="src\dsp\DspFilters\ChebyshevII.cpp">
      <Filter>DSPFilters</Filter>
    </ClCompile>
    <ClCompile Include="src\dsp\DspFilters\Custom.cpp">
      <Filter>DSPFilters</Filter>
    </ClCompile>
    <ClCompile Include="src\dsp\DspFilters\Design.cpp">
      <Filter>DSPFilters</Filter>
    </ClCompile>
    <ClCompile Include="src\dsp\DspFilters\Elliptic.cpp">
      <Filter>DSPFilters</Filter>
    </ClCompile>
    <ClCompile Include="src\dsp\DspFilters\Filter.cpp">
      <Filter>DSPFilters</Filter>
    </ClCompile>
    <ClCompile Include="src\dsp\DspFilters\Legendre.cpp">
      <Filter>DSPFilters</Filter>
    </ClCompile>
    <ClCompile Include="src\dsp\DspFilters\Param.cpp">
      <Filter>DSPFilters</Filter>
    </ClCompile>
    <ClCompile Include="src\dsp\DspFilters\PoleFilter.cpp">
      <Filter>DSPFilters</Filter>
    </ClCompile>
    <ClCompile Include="src\dsp\DspFilters\RBJ.cpp">
      <Filter>DSPFilters</Filter>
    </ClCompile>
    <ClCompile Include="src\dsp\DspFilters\RootFinder.cpp">
      <Filter>DSPFilters</Filter>
    </ClCompile>
    <ClCompile Include="src\dsp\DspFilters\State.cpp">
      <Filter>DSPFilters</Filter>
    </ClCompile>
    <ClCompile Include="src\dsp\Equalizer\Biquad.cpp" />
    <ClCompile Include="src\dsp\Equalizer\Equalizer.cpp" />
    <ClCompile Include="src\DebugPanelControl.cpp" />
    <ClCompile Include="src\EffectRack.cpp" />
    <ClCompile Include="src\Fattner.cpp" />
    <ClCompile Include="src\FilterControler.cpp" />
    <ClCompile Include="src\Oscillator.cpp" />
    <ClCompile Include="src\ParameterPrinterControl.cpp" />
    <ClCompile Include="src\RearmClock.cpp" />
    <ClCompile Include="src\Wobbleizer.cpp" />
  </ItemGroup>
  <ItemGroup>
    <ClInclude Include="..\wdl-ol\WDL\IPlug\IPlugVST.h">
      <Filter>vst2</Filter>
    </ClInclude>
    <ClInclude Include="src\dsp\DspFilters\Bessel.h">
      <Filter>DSPFilters</Filter>
    </ClInclude>
    <ClInclude Include="src\dsp\DspFilters\Biquad.h">
      <Filter>DSPFilters</Filter>
    </ClInclude>
    <ClInclude Include="src\dsp\DspFilters\Butterworth.h">
      <Filter>DSPFilters</Filter>
    </ClInclude>
    <ClInclude Include="src\dsp\DspFilters\Cascade.h">
      <Filter>DSPFilters</Filter>
    </ClInclude>
    <ClInclude Include="src\dsp\DspFilters\ChebyshevI.h">
      <Filter>DSPFilters</Filter>
    </ClInclude>
    <ClInclude Include="src\dsp\DspFilters\ChebyshevII.h">
      <Filter>DSPFilters</Filter>
    </ClInclude>
    <ClInclude Include="src\dsp\DspFilters\Common.h">
      <Filter>DSPFilters</Filter>
    </ClInclude>
    <ClInclude Include="src\dsp\DspFilters\Custom.h">
      <Filter>DSPFilters</Filter>
    </ClInclude>
    <ClInclude Include="src\dsp\DspFilters\Design.h">
      <Filter>DSPFilters</Filter>
    </ClInclude>
    <ClInclude Include="src\dsp\DspFilters\Dsp.h">
      <Filter>DSPFilters</Filter>
    </ClInclude>
    <ClInclude Include="src\dsp\DspFilters\Elliptic.h">
      <Filter>DSPFilters</Filter>
    </ClInclude>
    <ClInclude Include="src\dsp\DspFilters\Filter.h">
      <Filter>DSPFilters</Filter>
    </ClInclude>
    <ClInclude Include="src\dsp\DspFilters\Layout.h">
      <Filter>DSPFilters</Filter>
    </ClInclude>
    <ClInclude Include="src\dsp\DspFilters\Legendre.h">
      <Filter>DSPFilters</Filter>
    </ClInclude>
    <ClInclude Include="src\dsp\DspFilters\MathSupplement.h">
      <Filter>DSPFilters</Filter>
    </ClInclude>
    <ClInclude Include="src\dsp\DspFilters\Params.h">
      <Filter>DSPFilters</Filter>
    </ClInclude>
    <ClInclude Include="src\dsp\DspFilters\PoleFilter.h">
      <Filter>DSPFilters</Filter>
    </ClInclude>
    <ClInclude Include="src\dsp\DspFilters\RBJ.h">
      <Filter>DSPFilters</Filter>
    </ClInclude>
    <ClInclude Include="src\dsp\DspFilters\RootFinder.h">
      <Filter>DSPFilters</Filter>
    </ClInclude>
    <ClInclude Include="src\dsp\DspFilters\SmoothedFilter.h">
      <Filter>DSPFilters</Filter>
    </ClInclude>
    <ClInclude Include="src\dsp\DspFilters\State.h">
      <Filter>DSPFilters</Filter>
    </ClInclude>
    <ClInclude Include="src\dsp\DspFilters\Types.h">
      <Filter>DSPFilters</Filter>
    </ClInclude>
    <ClInclude Include="src\dsp\DspFilters\Utilities.h">
      <Filter>DSPFilters</Filter>
    </ClInclude>
    <ClInclude Include="src\dsp\Equalizer\Biquad.h" />
    <ClInclude Include="src\dsp\Equalizer\Equalizer.h" />
    <ClInclude Include="src\DebugPanelControl.h" />
    <ClInclude Include="src\EffectRack.h" />
    <ClInclude Include="src\Enum.h" />
    <ClInclude Include="src\Fattner.h" />
    <ClInclude Include="src\FilterControler.h" />
    <ClInclude Include="src\Oscillator.h" />
    <ClInclude Include="src\ParameterPrinterControl.h" />
    <ClInclude Include="src\RearmClock.h" />
    <ClInclude Include="src\resource.h" />
    <ClInclude Include="src\Wobbleizer.h" />
  </ItemGroup>
  <ItemGroup>
    <Filter Include="vst2">
      <UniqueIdentifier>{ea16de74-9d15-4c60-ba09-d0924088d3e5}</UniqueIdentifier>
    </Filter>
    <Filter Include="DSPFilters">
      <UniqueIdentifier>{cc2d7186-5983-45cb-9e3c-f6fd858a3bc0}</UniqueIdentifier>
    </Filter>
  </ItemGroup>
  <ItemGroup>
    <ResourceCompile Include="src\Wobbleizer.rc" />
  </ItemGroup>
</Project>