<?xml version="1.0" encoding="utf-8"?>
<Project ToolsVersion="4.0" xmlns="http://schemas.microsoft.com/developer/msbuild/2003">
  <ItemGroup>
    <Filter Include="app">
      <UniqueIdentifier>{6a6c24bd-7110-4436-97af-07990da17abf}</UniqueIdentifier>
    </Filter>
    <Filter Include="app\RtAudioMidi">
      <UniqueIdentifier>{ef87c677-1479-44bc-aef8-7ba960ef233d}</UniqueIdentifier>
    </Filter>
    <Filter Include="app\ASIO_SDK">
      <UniqueIdentifier>{b91b9db4-5584-4959-a395-7394ba3cf5a3}</UniqueIdentifier>
    </Filter>
    <Filter Include="Controls">
      <UniqueIdentifier>{37900134-7456-48a9-8e16-94b824567f7d}</UniqueIdentifier>
    </Filter>
    <Filter Include="DSPFilters">
      <UniqueIdentifier>{af7b99b8-10b5-4a13-bfa2-7964da6bc58b}</UniqueIdentifier>
    </Filter>
  </ItemGroup>
  <ItemGroup>
    <ClInclude Include="app_wrapper\app_main.h">
      <Filter>app</Filter>
    </ClInclude>
    <ClInclude Include="resource.h" />
    <ClInclude Include="Wobbleizer.h" />
    <ClInclude Include="app_wrapper\app_resource.h" />
    <ClInclude Include="Oscillator.h" />
    <ClInclude Include="Enum.h" />
    <ClInclude Include="ParameterPrinterControl.h">
      <Filter>Controls</Filter>
    </ClInclude>
    <ClInclude Include="DebugPanelControl.h">
      <Filter>Controls</Filter>
    </ClInclude>
    <ClInclude Include="RearmClock.h" />
    <ClInclude Include="FilterControler.h" />
    <ClInclude Include="EffectRack.h" />
    <ClInclude Include="..\wdl-ol\ASIO_SDK\asio.h">
      <Filter>app\ASIO_SDK</Filter>
    </ClInclude>
    <ClInclude Include="..\wdl-ol\ASIO_SDK\asiodrivers.h">
      <Filter>app\ASIO_SDK</Filter>
    </ClInclude>
    <ClInclude Include="..\wdl-ol\ASIO_SDK\asiolist.h">
      <Filter>app\ASIO_SDK</Filter>
    </ClInclude>
    <ClInclude Include="..\wdl-ol\ASIO_SDK\asiosys.h">
      <Filter>app\ASIO_SDK</Filter>
    </ClInclude>
    <ClInclude Include="..\wdl-ol\ASIO_SDK\ginclude.h">
      <Filter>app\ASIO_SDK</Filter>
    </ClInclude>
    <ClInclude Include="..\wdl-ol\ASIO_SDK\iasiodrv.h">
      <Filter>app\ASIO_SDK</Filter>
    </ClInclude>
    <ClInclude Include="..\wdl-ol\WDL\rtaudiomidi\RtAudio.h">
      <Filter>app\RtAudioMidi</Filter>
    </ClInclude>
    <ClInclude Include="..\wdl-ol\WDL\rtaudiomidi\RtError.h">
      <Filter>app\RtAudioMidi</Filter>
    </ClInclude>
    <ClInclude Include="..\wdl-ol\WDL\rtaudiomidi\RtMidi.h">
      <Filter>app\RtAudioMidi</Filter>
    </ClInclude>
    <ClInclude Include="..\wdl-ol\WDL\IPlug\IPlugStandalone.h">
      <Filter>app</Filter>
    </ClInclude>
    <ClInclude Include="DspFilters\Bessel.h">
      <Filter>DSPFilters</Filter>
    </ClInclude>
    <ClInclude Include="DspFilters\Biquad.h">
      <Filter>DSPFilters</Filter>
    </ClInclude>
    <ClInclude Include="DspFilters\Butterworth.h">
      <Filter>DSPFilters</Filter>
    </ClInclude>
    <ClInclude Include="DspFilters\Cascade.h">
      <Filter>DSPFilters</Filter>
    </ClInclude>
    <ClInclude Include="DspFilters\ChebyshevI.h">
      <Filter>DSPFilters</Filter>
    </ClInclude>
    <ClInclude Include="DspFilters\ChebyshevII.h">
      <Filter>DSPFilters</Filter>
    </ClInclude>
    <ClInclude Include="DspFilters\Common.h">
      <Filter>DSPFilters</Filter>
    </ClInclude>
    <ClInclude Include="DspFilters\Custom.h">
      <Filter>DSPFilters</Filter>
    </ClInclude>
    <ClInclude Include="DspFilters\Design.h">
      <Filter>DSPFilters</Filter>
    </ClInclude>
    <ClInclude Include="DspFilters\Dsp.h">
      <Filter>DSPFilters</Filter>
    </ClInclude>
    <ClInclude Include="DspFilters\Elliptic.h">
      <Filter>DSPFilters</Filter>
    </ClInclude>
    <ClInclude Include="DspFilters\Filter.h">
      <Filter>DSPFilters</Filter>
    </ClInclude>
    <ClInclude Include="DspFilters\Layout.h">
      <Filter>DSPFilters</Filter>
    </ClInclude>
    <ClInclude Include="DspFilters\Legendre.h">
      <Filter>DSPFilters</Filter>
    </ClInclude>
    <ClInclude Include="DspFilters\MathSupplement.h">
      <Filter>DSPFilters</Filter>
    </ClInclude>
    <ClInclude Include="DspFilters\Params.h">
      <Filter>DSPFilters</Filter>
    </ClInclude>
    <ClInclude Include="DspFilters\PoleFilter.h">
      <Filter>DSPFilters</Filter>
    </ClInclude>
    <ClInclude Include="DspFilters\RBJ.h">
      <Filter>DSPFilters</Filter>
    </ClInclude>
    <ClInclude Include="DspFilters\RootFinder.h">
      <Filter>DSPFilters</Filter>
    </ClInclude>
    <ClInclude Include="DspFilters\SmoothedFilter.h">
      <Filter>DSPFilters</Filter>
    </ClInclude>
    <ClInclude Include="DspFilters\State.h">
      <Filter>DSPFilters</Filter>
    </ClInclude>
    <ClInclude Include="DspFilters\Types.h">
      <Filter>DSPFilters</Filter>
    </ClInclude>
    <ClInclude Include="DspFilters\Utilities.h">
      <Filter>DSPFilters</Filter>
    </ClInclude>
    <ClInclude Include="Fattner.h" />
    <ClInclude Include="dsp\Equalizer\Equalizer.h" />
    <ClInclude Include="dsp\Equalizer\Biquad.h" />
  </ItemGroup>
  <ItemGroup>
    <ClCompile Include="app_wrapper\app_dialog.cpp">
      <Filter>app</Filter>
    </ClCompile>
    <ClCompile Include="app_wrapper\app_main.cpp">
      <Filter>app</Filter>
    </ClCompile>
    <ClCompile Include="Wobbleizer.cpp" />
    <ClCompile Include="Oscillator.cpp" />
    <ClCompile Include="Enum.cpp" />
    <ClCompile Include="ParameterPrinterControl.cpp">
      <Filter>Controls</Filter>
    </ClCompile>
    <ClCompile Include="DebugPanelControl.cpp">
      <Filter>Controls</Filter>
    </ClCompile>
    <ClCompile Include="RearmClock.cpp" />
    <ClCompile Include="FilterControler.cpp" />
    <ClCompile Include="EffectRack.cpp" />
    <ClCompile Include="..\wdl-ol\ASIO_SDK\asio.cpp">
      <Filter>app\ASIO_SDK</Filter>
    </ClCompile>
    <ClCompile Include="..\wdl-ol\ASIO_SDK\asiodrivers.cpp">
      <Filter>app\ASIO_SDK</Filter>
    </ClCompile>
    <ClCompile Include="..\wdl-ol\ASIO_SDK\asiolist.cpp">
      <Filter>app\ASIO_SDK</Filter>
    </ClCompile>
    <ClCompile Include="..\wdl-ol\WDL\rtaudiomidi\RtAudio.cpp">
      <Filter>app\RtAudioMidi</Filter>
    </ClCompile>
    <ClCompile Include="..\wdl-ol\WDL\rtaudiomidi\RtMidi.cpp">
      <Filter>app\RtAudioMidi</Filter>
    </ClCompile>
    <ClCompile Include="..\wdl-ol\WDL\IPlug\IPlugStandalone.cpp">
      <Filter>app</Filter>
    </ClCompile>
    <ClCompile Include="DspFilters\Bessel.cpp">
      <Filter>DSPFilters</Filter>
    </ClCompile>
    <ClCompile Include="DspFilters\Biquad.cpp">
      <Filter>DSPFilters</Filter>
    </ClCompile>
    <ClCompile Include="DspFilters\Butterworth.cpp">
      <Filter>DSPFilters</Filter>
    </ClCompile>
    <ClCompile Include="DspFilters\Cascade.cpp">
      <Filter>DSPFilters</Filter>
    </ClCompile>
    <ClCompile Include="DspFilters\ChebyshevI.cpp">
      <Filter>DSPFilters</Filter>
    </ClCompile>
    <ClCompile Include="DspFilters\ChebyshevII.cpp">
      <Filter>DSPFilters</Filter>
    </ClCompile>
    <ClCompile Include="DspFilters\Custom.cpp">
      <Filter>DSPFilters</Filter>
    </ClCompile>
    <ClCompile Include="DspFilters\Design.cpp">
      <Filter>DSPFilters</Filter>
    </ClCompile>
    <ClCompile Include="DspFilters\Elliptic.cpp">
      <Filter>DSPFilters</Filter>
    </ClCompile>
    <ClCompile Include="DspFilters\Filter.cpp">
      <Filter>DSPFilters</Filter>
    </ClCompile>
    <ClCompile Include="DspFilters\Legendre.cpp">
      <Filter>DSPFilters</Filter>
    </ClCompile>
    <ClCompile Include="DspFilters\Param.cpp">
      <Filter>DSPFilters</Filter>
    </ClCompile>
    <ClCompile Include="DspFilters\PoleFilter.cpp">
      <Filter>DSPFilters</Filter>
    </ClCompile>
    <ClCompile Include="DspFilters\RBJ.cpp">
      <Filter>DSPFilters</Filter>
    </ClCompile>
    <ClCompile Include="DspFilters\RootFinder.cpp">
      <Filter>DSPFilters</Filter>
    </ClCompile>
    <ClCompile Include="DspFilters\State.cpp">
      <Filter>DSPFilters</Filter>
    </ClCompile>
    <ClCompile Include="Fattner.cpp" />
    <ClCompile Include="dsp\Equalizer\Equalizer.cpp" />
    <ClCompile Include="dsp\Equalizer\Biquad.cpp" />
  </ItemGroup>
  <ItemGroup>
    <ResourceCompile Include="Wobbleizer.rc" />
  </ItemGroup>
</Project>